// !$*UTF8*$!
{
	archiveVersion = 1;
	classes = {
	};
	objectVersion = 46;
	objects = {

/* Begin PBXBuildFile section */
		5B31C78D1EAA877100334539 /* main.m in Sources */ = {isa = PBXBuildFile; fileRef = 5B31C78C1EAA877100334539 /* main.m */; };
		5B31C7901EAA877100334539 /* AppDelegate.m in Sources */ = {isa = PBXBuildFile; fileRef = 5B31C78F1EAA877100334539 /* AppDelegate.m */; };
		5B31C7931EAA877100334539 /* ViewController.m in Sources */ = {isa = PBXBuildFile; fileRef = 5B31C7921EAA877100334539 /* ViewController.m */; };
		5B31C7961EAA877100334539 /* Main.storyboard in Resources */ = {isa = PBXBuildFile; fileRef = 5B31C7941EAA877100334539 /* Main.storyboard */; };
		5B31C7981EAA877100334539 /* Assets.xcassets in Resources */ = {isa = PBXBuildFile; fileRef = 5B31C7971EAA877100334539 /* Assets.xcassets */; };
		5B31C79B1EAA877100334539 /* LaunchScreen.storyboard in Resources */ = {isa = PBXBuildFile; fileRef = 5B31C7991EAA877100334539 /* LaunchScreen.storyboard */; };
		5B31C7A81EAAE88D00334539 /* wordlist.txt in Resources */ = {isa = PBXBuildFile; fileRef = 5B31C7A71EAAE88D00334539 /* wordlist.txt */; };
		5B6F57AE1EAC4CDE001F1033 /* AnagramTests.m in Sources */ = {isa = PBXBuildFile; fileRef = 5B6F57AD1EAC4CDE001F1033 /* AnagramTests.m */; };
		5B6F57B71EAC4D25001F1033 /* AnagramDetector.m in Sources */ = {isa = PBXBuildFile; fileRef = 5B6F57B61EAC4D25001F1033 /* AnagramDetector.m */; };
		5B6F57BA1EAC5CA9001F1033 /* NSString+anagrams.m in Sources */ = {isa = PBXBuildFile; fileRef = 5B6F57B91EAC5CA9001F1033 /* NSString+anagrams.m */; };
		5B8578F41EAE70C10078C3EF /* NSArray+Utilities.m in Sources */ = {isa = PBXBuildFile; fileRef = 5B8578F31EAE70C10078C3EF /* NSArray+Utilities.m */; };
		5B8578FA1EAE733C0078C3EF /* NSMutableArray+MergeObjects.m in Sources */ = {isa = PBXBuildFile; fileRef = 5B8578F91EAE733C0078C3EF /* NSMutableArray+MergeObjects.m */; };
/* End PBXBuildFile section */

/* Begin PBXContainerItemProxy section */
		5B6F57B01EAC4CDE001F1033 /* PBXContainerItemProxy */ = {
			isa = PBXContainerItemProxy;
			containerPortal = 5B31C7801EAA877100334539 /* Project object */;
			proxyType = 1;
			remoteGlobalIDString = 5B31C7871EAA877100334539;
			remoteInfo = Anagram;
		};
/* End PBXContainerItemProxy section */

/* Begin PBXFileReference section */
		5B31C7881EAA877100334539 /* Anagram.app */ = {isa = PBXFileReference; explicitFileType = wrapper.application; includeInIndex = 0; path = Anagram.app; sourceTree = BUILT_PRODUCTS_DIR; };
		5B31C78C1EAA877100334539 /* main.m */ = {isa = PBXFileReference; lastKnownFileType = sourcecode.c.objc; path = main.m; sourceTree = "<group>"; };
		5B31C78E1EAA877100334539 /* AppDelegate.h */ = {isa = PBXFileReference; lastKnownFileType = sourcecode.c.h; path = AppDelegate.h; sourceTree = "<group>"; };
		5B31C78F1EAA877100334539 /* AppDelegate.m */ = {isa = PBXFileReference; lastKnownFileType = sourcecode.c.objc; path = AppDelegate.m; sourceTree = "<group>"; };
		5B31C7911EAA877100334539 /* ViewController.h */ = {isa = PBXFileReference; lastKnownFileType = sourcecode.c.h; path = ViewController.h; sourceTree = "<group>"; };
		5B31C7921EAA877100334539 /* ViewController.m */ = {isa = PBXFileReference; lastKnownFileType = sourcecode.c.objc; path = ViewController.m; sourceTree = "<group>"; };
		5B31C7951EAA877100334539 /* Base */ = {isa = PBXFileReference; lastKnownFileType = file.storyboard; name = Base; path = Base.lproj/Main.storyboard; sourceTree = "<group>"; };
		5B31C7971EAA877100334539 /* Assets.xcassets */ = {isa = PBXFileReference; lastKnownFileType = folder.assetcatalog; path = Assets.xcassets; sourceTree = "<group>"; };
		5B31C79A1EAA877100334539 /* Base */ = {isa = PBXFileReference; lastKnownFileType = file.storyboard; name = Base; path = Base.lproj/LaunchScreen.storyboard; sourceTree = "<group>"; };
		5B31C79C1EAA877100334539 /* Info.plist */ = {isa = PBXFileReference; lastKnownFileType = text.plist.xml; path = Info.plist; sourceTree = "<group>"; };
		5B31C7A71EAAE88D00334539 /* wordlist.txt */ = {isa = PBXFileReference; fileEncoding = 4; lastKnownFileType = text; path = wordlist.txt; sourceTree = "<group>"; };
		5B6F57AB1EAC4CDE001F1033 /* AnagramTests.xctest */ = {isa = PBXFileReference; explicitFileType = wrapper.cfbundle; includeInIndex = 0; path = AnagramTests.xctest; sourceTree = BUILT_PRODUCTS_DIR; };
		5B6F57AD1EAC4CDE001F1033 /* AnagramTests.m */ = {isa = PBXFileReference; lastKnownFileType = sourcecode.c.objc; path = AnagramTests.m; sourceTree = "<group>"; };
		5B6F57AF1EAC4CDE001F1033 /* Info.plist */ = {isa = PBXFileReference; lastKnownFileType = text.plist.xml; path = Info.plist; sourceTree = "<group>"; };
		5B6F57B51EAC4D25001F1033 /* AnagramDetector.h */ = {isa = PBXFileReference; fileEncoding = 4; lastKnownFileType = sourcecode.c.h; path = AnagramDetector.h; sourceTree = "<group>"; };
		5B6F57B61EAC4D25001F1033 /* AnagramDetector.m */ = {isa = PBXFileReference; fileEncoding = 4; lastKnownFileType = sourcecode.c.objc; path = AnagramDetector.m; sourceTree = "<group>"; };
		5B6F57B81EAC5CA9001F1033 /* NSString+anagrams.h */ = {isa = PBXFileReference; fileEncoding = 4; lastKnownFileType = sourcecode.c.h; path = "NSString+anagrams.h"; sourceTree = "<group>"; };
		5B6F57B91EAC5CA9001F1033 /* NSString+anagrams.m */ = {isa = PBXFileReference; fileEncoding = 4; lastKnownFileType = sourcecode.c.objc; path = "NSString+anagrams.m"; sourceTree = "<group>"; };
		5B8578F21EAE70C10078C3EF /* NSArray+Utilities.h */ = {isa = PBXFileReference; fileEncoding = 4; lastKnownFileType = sourcecode.c.h; path = "NSArray+Utilities.h"; sourceTree = "<group>"; };
		5B8578F31EAE70C10078C3EF /* NSArray+Utilities.m */ = {isa = PBXFileReference; fileEncoding = 4; lastKnownFileType = sourcecode.c.objc; path = "NSArray+Utilities.m"; sourceTree = "<group>"; };
		5B8578F81EAE733C0078C3EF /* NSMutableArray+MergeObjects.h */ = {isa = PBXFileReference; fileEncoding = 4; lastKnownFileType = sourcecode.c.h; path = "NSMutableArray+MergeObjects.h"; sourceTree = "<group>"; };
		5B8578F91EAE733C0078C3EF /* NSMutableArray+MergeObjects.m */ = {isa = PBXFileReference; fileEncoding = 4; lastKnownFileType = sourcecode.c.objc; path = "NSMutableArray+MergeObjects.m"; sourceTree = "<group>"; };
/* End PBXFileReference section */

/* Begin PBXFrameworksBuildPhase section */
		5B31C7851EAA877100334539 /* Frameworks */ = {
			isa = PBXFrameworksBuildPhase;
			buildActionMask = 2147483647;
			files = (
			);
			runOnlyForDeploymentPostprocessing = 0;
		};
		5B6F57A81EAC4CDE001F1033 /* Frameworks */ = {
			isa = PBXFrameworksBuildPhase;
			buildActionMask = 2147483647;
			files = (
			);
			runOnlyForDeploymentPostprocessing = 0;
		};
/* End PBXFrameworksBuildPhase section */

/* Begin PBXGroup section */
		5B31C77F1EAA877100334539 = {
			isa = PBXGroup;
			children = (
				5B31C78A1EAA877100334539 /* Anagram */,
				5B6F57AC1EAC4CDE001F1033 /* AnagramTests */,
				5B31C7891EAA877100334539 /* Products */,
			);
			sourceTree = "<group>";
		};
		5B31C7891EAA877100334539 /* Products */ = {
			isa = PBXGroup;
			children = (
				5B31C7881EAA877100334539 /* Anagram.app */,
				5B6F57AB1EAC4CDE001F1033 /* AnagramTests.xctest */,
			);
			name = Products;
			sourceTree = "<group>";
		};
		5B31C78A1EAA877100334539 /* Anagram */ = {
			isa = PBXGroup;
			children = (
				5B31C78E1EAA877100334539 /* AppDelegate.h */,
				5B31C78F1EAA877100334539 /* AppDelegate.m */,
				5B31C7911EAA877100334539 /* ViewController.h */,
				5B31C7921EAA877100334539 /* ViewController.m */,
				5B31C7941EAA877100334539 /* Main.storyboard */,
				5B31C7971EAA877100334539 /* Assets.xcassets */,
				5B31C7991EAA877100334539 /* LaunchScreen.storyboard */,
				5B31C79C1EAA877100334539 /* Info.plist */,
				5B6F57B51EAC4D25001F1033 /* AnagramDetector.h */,
				5B6F57B61EAC4D25001F1033 /* AnagramDetector.m */,
				5B6F57A31EAC454B001F1033 /* Categories */,
				5B31C7A41EAA8AAE00334539 /* Resources */,
				5B31C78B1EAA877100334539 /* Supporting Files */,
			);
			path = Anagram;
			sourceTree = "<group>";
		};
		5B31C78B1EAA877100334539 /* Supporting Files */ = {
			isa = PBXGroup;
			children = (
				5B31C78C1EAA877100334539 /* main.m */,
			);
			name = "Supporting Files";
			sourceTree = "<group>";
		};
		5B31C7A41EAA8AAE00334539 /* Resources */ = {
			isa = PBXGroup;
			children = (
				5B31C7A71EAAE88D00334539 /* wordlist.txt */,
			);
			path = Resources;
			sourceTree = "<group>";
		};
		5B6F57A31EAC454B001F1033 /* Categories */ = {
			isa = PBXGroup;
			children = (
				5B8578F21EAE70C10078C3EF /* NSArray+Utilities.h */,
				5B8578F31EAE70C10078C3EF /* NSArray+Utilities.m */,
				5B8578F81EAE733C0078C3EF /* NSMutableArray+MergeObjects.h */,
				5B8578F91EAE733C0078C3EF /* NSMutableArray+MergeObjects.m */,
				5B6F57B81EAC5CA9001F1033 /* NSString+anagrams.h */,
				5B6F57B91EAC5CA9001F1033 /* NSString+anagrams.m */,
			);
			name = Categories;
			sourceTree = "<group>";
		};
		5B6F57AC1EAC4CDE001F1033 /* AnagramTests */ = {
			isa = PBXGroup;
			children = (
				5B6F57AD1EAC4CDE001F1033 /* AnagramTests.m */,
				5B6F57AF1EAC4CDE001F1033 /* Info.plist */,
			);
			path = AnagramTests;
			sourceTree = "<group>";
		};
/* End PBXGroup section */

/* Begin PBXNativeTarget section */
		5B31C7871EAA877100334539 /* Anagram */ = {
			isa = PBXNativeTarget;
			buildConfigurationList = 5B31C79F1EAA877100334539 /* Build configuration list for PBXNativeTarget "Anagram" */;
			buildPhases = (
				5B31C7841EAA877100334539 /* Sources */,
				5B31C7851EAA877100334539 /* Frameworks */,
				5B31C7861EAA877100334539 /* Resources */,
			);
			buildRules = (
			);
			dependencies = (
			);
			name = Anagram;
			productName = Anagram;
			productReference = 5B31C7881EAA877100334539 /* Anagram.app */;
			productType = "com.apple.product-type.application";
		};
		5B6F57AA1EAC4CDE001F1033 /* AnagramTests */ = {
			isa = PBXNativeTarget;
			buildConfigurationList = 5B6F57B21EAC4CDE001F1033 /* Build configuration list for PBXNativeTarget "AnagramTests" */;
			buildPhases = (
				5B6F57A71EAC4CDE001F1033 /* Sources */,
				5B6F57A81EAC4CDE001F1033 /* Frameworks */,
				5B6F57A91EAC4CDE001F1033 /* Resources */,
			);
			buildRules = (
			);
			dependencies = (
				5B6F57B11EAC4CDE001F1033 /* PBXTargetDependency */,
			);
			name = AnagramTests;
			productName = AnagramTests;
			productReference = 5B6F57AB1EAC4CDE001F1033 /* AnagramTests.xctest */;
			productType = "com.apple.product-type.bundle.unit-test";
		};
/* End PBXNativeTarget section */

/* Begin PBXProject section */
		5B31C7801EAA877100334539 /* Project object */ = {
			isa = PBXProject;
			attributes = {
				LastUpgradeCheck = 0830;
				ORGANIZATIONNAME = "OLX PK";
				TargetAttributes = {
					5B31C7871EAA877100334539 = {
						CreatedOnToolsVersion = 8.3.1;
						DevelopmentTeam = W4F583AXT6;
						ProvisioningStyle = Automatic;
					};
					5B6F57AA1EAC4CDE001F1033 = {
						CreatedOnToolsVersion = 8.3.2;
						DevelopmentTeam = W4F583AXT6;
						ProvisioningStyle = Automatic;
						TestTargetID = 5B31C7871EAA877100334539;
					};
				};
			};
			buildConfigurationList = 5B31C7831EAA877100334539 /* Build configuration list for PBXProject "Anagram" */;
			compatibilityVersion = "Xcode 3.2";
			developmentRegion = English;
			hasScannedForEncodings = 0;
			knownRegions = (
				en,
				Base,
			);
			mainGroup = 5B31C77F1EAA877100334539;
			productRefGroup = 5B31C7891EAA877100334539 /* Products */;
			projectDirPath = "";
			projectRoot = "";
			targets = (
				5B31C7871EAA877100334539 /* Anagram */,
				5B6F57AA1EAC4CDE001F1033 /* AnagramTests */,
			);
		};
/* End PBXProject section */

/* Begin PBXResourcesBuildPhase section */
		5B31C7861EAA877100334539 /* Resources */ = {
			isa = PBXResourcesBuildPhase;
			buildActionMask = 2147483647;
			files = (
				5B31C79B1EAA877100334539 /* LaunchScreen.storyboard in Resources */,
				5B31C7981EAA877100334539 /* Assets.xcassets in Resources */,
				5B31C7A81EAAE88D00334539 /* wordlist.txt in Resources */,
				5B31C7961EAA877100334539 /* Main.storyboard in Resources */,
			);
			runOnlyForDeploymentPostprocessing = 0;
		};
		5B6F57A91EAC4CDE001F1033 /* Resources */ = {
			isa = PBXResourcesBuildPhase;
			buildActionMask = 2147483647;
			files = (
			);
			runOnlyForDeploymentPostprocessing = 0;
		};
/* End PBXResourcesBuildPhase section */

/* Begin PBXSourcesBuildPhase section */
		5B31C7841EAA877100334539 /* Sources */ = {
			isa = PBXSourcesBuildPhase;
			buildActionMask = 2147483647;
			files = (
				5B31C7931EAA877100334539 /* ViewController.m in Sources */,
				5B6F57B71EAC4D25001F1033 /* AnagramDetector.m in Sources */,
				5B31C7901EAA877100334539 /* AppDelegate.m in Sources */,
				5B31C78D1EAA877100334539 /* main.m in Sources */,
				5B8578F41EAE70C10078C3EF /* NSArray+Utilities.m in Sources */,
				5B8578FA1EAE733C0078C3EF /* NSMutableArray+MergeObjects.m in Sources */,
				5B6F57BA1EAC5CA9001F1033 /* NSString+anagrams.m in Sources */,
			);
			runOnlyForDeploymentPostprocessing = 0;
		};
		5B6F57A71EAC4CDE001F1033 /* Sources */ = {
			isa = PBXSourcesBuildPhase;
			buildActionMask = 2147483647;
			files = (
				5B6F57AE1EAC4CDE001F1033 /* AnagramTests.m in Sources */,
			);
			runOnlyForDeploymentPostprocessing = 0;
		};
/* End PBXSourcesBuildPhase section */

/* Begin PBXTargetDependency section */
		5B6F57B11EAC4CDE001F1033 /* PBXTargetDependency */ = {
			isa = PBXTargetDependency;
			target = 5B31C7871EAA877100334539 /* Anagram */;
			targetProxy = 5B6F57B01EAC4CDE001F1033 /* PBXContainerItemProxy */;
		};
/* End PBXTargetDependency section */

/* Begin PBXVariantGroup section */
		5B31C7941EAA877100334539 /* Main.storyboard */ = {
			isa = PBXVariantGroup;
			children = (
				5B31C7951EAA877100334539 /* Base */,
			);
			name = Main.storyboard;
			sourceTree = "<group>";
		};
		5B31C7991EAA877100334539 /* LaunchScreen.storyboard */ = {
			isa = PBXVariantGroup;
			children = (
				5B31C79A1EAA877100334539 /* Base */,
			);
			name = LaunchScreen.storyboard;
			sourceTree = "<group>";
		};
/* End PBXVariantGroup section */

/* Begin XCBuildConfiguration section */
		5B31C79D1EAA877100334539 /* Debug */ = {
			isa = XCBuildConfiguration;
			buildSettings = {
				ALWAYS_SEARCH_USER_PATHS = NO;
				CLANG_ANALYZER_NONNULL = YES;
				CLANG_ANALYZER_NUMBER_OBJECT_CONVERSION = YES_AGGRESSIVE;
				CLANG_CXX_LANGUAGE_STANDARD = "gnu++0x";
				CLANG_CXX_LIBRARY = "libc++";
				CLANG_ENABLE_MODULES = YES;
				CLANG_ENABLE_OBJC_ARC = YES;
				CLANG_WARN_BOOL_CONVERSION = YES;
				CLANG_WARN_CONSTANT_CONVERSION = YES;
				CLANG_WARN_DIRECT_OBJC_ISA_USAGE = YES_ERROR;
				CLANG_WARN_DOCUMENTATION_COMMENTS = YES;
				CLANG_WARN_EMPTY_BODY = YES;
				CLANG_WARN_ENUM_CONVERSION = YES;
				CLANG_WARN_INFINITE_RECURSION = YES;
				CLANG_WARN_INT_CONVERSION = YES;
				CLANG_WARN_OBJC_ROOT_CLASS = YES_ERROR;
				CLANG_WARN_SUSPICIOUS_MOVE = YES;
				CLANG_WARN_UNREACHABLE_CODE = YES;
				CLANG_WARN__DUPLICATE_METHOD_MATCH = YES;
				"CODE_SIGN_IDENTITY[sdk=iphoneos*]" = "iPhone Developer";
				COPY_PHASE_STRIP = NO;
				DEBUG_INFORMATION_FORMAT = dwarf;
				ENABLE_STRICT_OBJC_MSGSEND = YES;
				ENABLE_TESTABILITY = YES;
				GCC_C_LANGUAGE_STANDARD = gnu99;
				GCC_DYNAMIC_NO_PIC = NO;
				GCC_NO_COMMON_BLOCKS = YES;
				GCC_OPTIMIZATION_LEVEL = 0;
				GCC_PREPROCESSOR_DEFINITIONS = (
					"DEBUG=1",
					"$(inherited)",
				);
				GCC_WARN_64_TO_32_BIT_CONVERSION = YES;
				GCC_WARN_ABOUT_RETURN_TYPE = YES_ERROR;
				GCC_WARN_UNDECLARED_SELECTOR = YES;
				GCC_WARN_UNINITIALIZED_AUTOS = YES_AGGRESSIVE;
				GCC_WARN_UNUSED_FUNCTION = YES;
				GCC_WARN_UNUSED_VARIABLE = YES;
				IPHONEOS_DEPLOYMENT_TARGET = 10.1;
				MTL_ENABLE_DEBUG_INFO = YES;
				ONLY_ACTIVE_ARCH = YES;
				SDKROOT = iphoneos;
			};
			name = Debug;
		};
		5B31C79E1EAA877100334539 /* Release */ = {
			isa = XCBuildConfiguration;
			buildSettings = {
				ALWAYS_SEARCH_USER_PATHS = NO;
				CLANG_ANALYZER_NONNULL = YES;
				CLANG_ANALYZER_NUMBER_OBJECT_CONVERSION = YES_AGGRESSIVE;
				CLANG_CXX_LANGUAGE_STANDARD = "gnu++0x";
				CLANG_CXX_LIBRARY = "libc++";
				CLANG_ENABLE_MODULES = YES;
				CLANG_ENABLE_OBJC_ARC = YES;
				CLANG_WARN_BOOL_CONVERSION = YES;
				CLANG_WARN_CONSTANT_CONVERSION = YES;
				CLANG_WARN_DIRECT_OBJC_ISA_USAGE = YES_ERROR;
				CLANG_WARN_DOCUMENTATION_COMMENTS = YES;
				CLANG_WARN_EMPTY_BODY = YES;
				CLANG_WARN_ENUM_CONVERSION = YES;
				CLANG_WARN_INFINITE_RECURSION = YES;
				CLANG_WARN_INT_CONVERSION = YES;
				CLANG_WARN_OBJC_ROOT_CLASS = YES_ERROR;
				CLANG_WARN_SUSPICIOUS_MOVE = YES;
				CLANG_WARN_UNREACHABLE_CODE = YES;
				CLANG_WARN__DUPLICATE_METHOD_MATCH = YES;
				"CODE_SIGN_IDENTITY[sdk=iphoneos*]" = "iPhone Developer";
				COPY_PHASE_STRIP = NO;
				DEBUG_INFORMATION_FORMAT = "dwarf-with-dsym";
				ENABLE_NS_ASSERTIONS = NO;
				ENABLE_STRICT_OBJC_MSGSEND = YES;
				GCC_C_LANGUAGE_STANDARD = gnu99;
				GCC_NO_COMMON_BLOCKS = YES;
				GCC_WARN_64_TO_32_BIT_CONVERSION = YES;
				GCC_WARN_ABOUT_RETURN_TYPE = YES_ERROR;
				GCC_WARN_UNDECLARED_SELECTOR = YES;
				GCC_WARN_UNINITIALIZED_AUTOS = YES_AGGRESSIVE;
				GCC_WARN_UNUSED_FUNCTION = YES;
				GCC_WARN_UNUSED_VARIABLE = YES;
				IPHONEOS_DEPLOYMENT_TARGET = 10.1;
				MTL_ENABLE_DEBUG_INFO = NO;
				SDKROOT = iphoneos;
				VALIDATE_PRODUCT = YES;
			};
			name = Release;
		};
		5B31C7A01EAA877100334539 /* Debug */ = {
			isa = XCBuildConfiguration;
			buildSettings = {
				ASSETCATALOG_COMPILER_APPICON_NAME = AppIcon;
				DEVELOPMENT_TEAM = W4F583AXT6;
				INFOPLIST_FILE = Anagram/Info.plist;
				LD_RUNPATH_SEARCH_PATHS = "$(inherited) @executable_path/Frameworks";
				PRODUCT_BUNDLE_IDENTIFIER = com.fahied.Anagram;
				PRODUCT_NAME = "$(TARGET_NAME)";
			};
			name = Debug;
		};
		5B31C7A11EAA877100334539 /* Release */ = {
			isa = XCBuildConfiguration;
			buildSettings = {
				ASSETCATALOG_COMPILER_APPICON_NAME = AppIcon;
				DEVELOPMENT_TEAM = W4F583AXT6;
				INFOPLIST_FILE = Anagram/Info.plist;
				LD_RUNPATH_SEARCH_PATHS = "$(inherited) @executable_path/Frameworks";
				PRODUCT_BUNDLE_IDENTIFIER = com.fahied.Anagram;
				PRODUCT_NAME = "$(TARGET_NAME)";
			};
			name = Release;
		};
		5B6F57B31EAC4CDE001F1033 /* Debug */ = {
			isa = XCBuildConfiguration;
			buildSettings = {
				BUNDLE_LOADER = "$(TEST_HOST)";
				DEVELOPMENT_TEAM = W4F583AXT6;
				INFOPLIST_FILE = AnagramTests/Info.plist;
				LD_RUNPATH_SEARCH_PATHS = "$(inherited) @executable_path/Frameworks @loader_path/Frameworks";
				PRODUCT_BUNDLE_IDENTIFIER = com.fahied.AnagramTests;
				PRODUCT_NAME = "$(TARGET_NAME)";
				TEST_HOST = "$(BUILT_PRODUCTS_DIR)/Anagram.app/Anagram";
			};
			name = Debug;
		};
		5B6F57B41EAC4CDE001F1033 /* Release */ = {
			isa = XCBuildConfiguration;
			buildSettings = {
				BUNDLE_LOADER = "$(TEST_HOST)";
				DEVELOPMENT_TEAM = W4F583AXT6;
				INFOPLIST_FILE = AnagramTests/Info.plist;
				LD_RUNPATH_SEARCH_PATHS = "$(inherited) @executable_path/Frameworks @loader_path/Frameworks";
				PRODUCT_BUNDLE_IDENTIFIER = com.fahied.AnagramTests;
				PRODUCT_NAME = "$(TARGET_NAME)";
				TEST_HOST = "$(BUILT_PRODUCTS_DIR)/Anagram.app/Anagram";
			};
			name = Release;
		};
/* End XCBuildConfiguration section */

/* Begin XCConfigurationList section */
		5B31C7831EAA877100334539 /* Build configuration list for PBXProject "Anagram" */ = {
			isa = XCConfigurationList;
			buildConfigurations = (
				5B31C79D1EAA877100334539 /* Debug */,
				5B31C79E1EAA877100334539 /* Release */,
			);
			defaultConfigurationIsVisible = 0;
			defaultConfigurationName = Release;
		};
		5B31C79F1EAA877100334539 /* Build configuration list for PBXNativeTarget "Anagram" */ = {
			isa = XCConfigurationList;
			buildConfigurations = (
				5B31C7A01EAA877100334539 /* Debug */,
				5B31C7A11EAA877100334539 /* Release */,
			);
			defaultConfigurationIsVisible = 0;
			defaultConfigurationName = Release;
		};
		5B6F57B21EAC4CDE001F1033 /* Build configuration list for PBXNativeTarget "AnagramTests" */ = {
			isa = XCConfigurationList;
			buildConfigurations = (
				5B6F57B31EAC4CDE001F1033 /* Debug */,
				5B6F57B41EAC4CDE001F1033 /* Release */,
			);
			defaultConfigurationIsVisible = 0;
			defaultConfigurationName = Release;
		};
/* End XCConfigurationList section */
	};
	rootObject = 5B31C7801EAA877100334539 /* Project object */;
}
